
Microsoft Visual Studio Solution File, Format Version 12.00
# Visual Studio 15
VisualStudioVersion = 15.0.28307.329
MinimumVisualStudioVersion = 10.0.40219.1
Project("{FAE04EC0-301F-11D3-BF4B-00C04F79EFBC}") = "Calculator", "Calculator\Calculator.csproj", "{EFB2CDC6-754B-45EB-B37E-2E0711961373}"
EndProject
Global
	GlobalSection(SolutionConfigurationPlatforms) = preSolution
		Debug|Any CPU = Debug|Any CPU
		Release|Any CPU = Release|Any CPU
	EndGlobalSection
	GlobalSection(ProjectConfigurationPlatforms) = postSolution
		{EFB2CDC6-754B-45EB-B37E-2E0711961373}.Debug|Any CPU.ActiveCfg = Debug|Any CPU
		{EFB2CDC6-754B-45EB-B37E-2E0711961373}.Debug|Any CPU.Build.0 = Debug|Any CPU
		{EFB2CDC6-754B-45EB-B37E-2E0711961373}.Release|Any CPU.ActiveCfg = Release|Any CPU
		{EFB2CDC6-754B-45EB-B37E-2E0711961373}.Release|Any CPU.Build.0 = Release|Any CPU
	EndGlobalSection
	GlobalSection(SolutionProperties) = preSolution
		HideSolutionNode = FALSE
	EndGlobalSection
	GlobalSection(ExtensibilityGlobals) = postSolution
		SolutionGuid = {3C1BC9E8-6F06-42E7-824D-B0C91C4CDDB4}
	EndGlobalSection
EndGlobal
